
Microsoft Visual Studio Solution File, Format Version 12.00
# Visual Studio Version 17
VisualStudioVersion = 17.7.34202.233
MinimumVisualStudioVersion = 10.0.40219.1
Project("{FAE04EC0-301F-11D3-BF4B-00C04F79EFBC}") = "Firisar_Gabriel_Lab1", "Firisar_Gabriel_Lab1.csproj", "{AC1757A6-F470-4996-960B-5CE899864BE7}"
EndProject
Global
	GlobalSection(SolutionConfigurationPlatforms) = preSolution
		Debug|Any CPU = Debug|Any CPU
		Release|Any CPU = Release|Any CPU
	EndGlobalSection
	GlobalSection(ProjectConfigurationPlatforms) = postSolution
		{AC1757A6-F470-4996-960B-5CE899864BE7}.Debug|Any CPU.ActiveCfg = Debug|Any CPU
		{AC1757A6-F470-4996-960B-5CE899864BE7}.Debug|Any CPU.Build.0 = Debug|Any CPU
		{AC1757A6-F470-4996-960B-5CE899864BE7}.Release|Any CPU.ActiveCfg = Release|Any CPU
		{AC1757A6-F470-4996-960B-5CE899864BE7}.Release|Any CPU.Build.0 = Release|Any CPU
	EndGlobalSection
	GlobalSection(SolutionProperties) = preSolution
		HideSolutionNode = FALSE
	EndGlobalSection
	GlobalSection(ExtensibilityGlobals) = postSolution
		SolutionGuid = {8CA5AAF1-19E5-401B-92C0-530AC661B626}
	EndGlobalSection
EndGlobal
